
Microsoft Visual Studio Solution File, Format Version 12.00
# Visual Studio Version 16
VisualStudioVersion = 16.0.31205.134
MinimumVisualStudioVersion = 10.0.40219.1
Project("{FAE04EC0-301F-11D3-BF4B-00C04F79EFBC}") = "WpfApp3", "WpfApp3\WpfApp3.csproj", "{D75A3586-D71C-4C43-834D-E13633ADD5DC}"
EndProject
Global
	GlobalSection(SolutionConfigurationPlatforms) = preSolution
		Debug|Any CPU = Debug|Any CPU
		Release|Any CPU = Release|Any CPU
	EndGlobalSection
	GlobalSection(ProjectConfigurationPlatforms) = postSolution
		{D75A3586-D71C-4C43-834D-E13633ADD5DC}.Debug|Any CPU.ActiveCfg = Debug|Any CPU
		{D75A3586-D71C-4C43-834D-E13633ADD5DC}.Debug|Any CPU.Build.0 = Debug|Any CPU
		{D75A3586-D71C-4C43-834D-E13633ADD5DC}.Release|Any CPU.ActiveCfg = Release|Any CPU
		{D75A3586-D71C-4C43-834D-E13633ADD5DC}.Release|Any CPU.Build.0 = Release|Any CPU
	EndGlobalSection
	GlobalSection(SolutionProperties) = preSolution
		HideSolutionNode = FALSE
	EndGlobalSection
	GlobalSection(ExtensibilityGlobals) = postSolution
		SolutionGuid = {834A2A1E-EAD9-4198-BDD6-9ACE16469370}
	EndGlobalSection
EndGlobal
